// !$*UTF8*$!
{
	archiveVersion = 1;
	classes = {
	};
	objectVersion = 50;
	objects = {

/* Begin PBXBuildFile section */
		0C37C285223FCD9B00B66004 /* PJShowItemCreator.swift in Sources */ = {isa = PBXBuildFile; fileRef = 0C37C284223FCD9B00B66004 /* PJShowItemCreator.swift */; };
		0C4F5D11223CDD4D005B31A5 /* AppDelegate.swift in Sources */ = {isa = PBXBuildFile; fileRef = 0C4F5D10223CDD4D005B31A5 /* AppDelegate.swift */; };
		0C4F5D13223CDD4D005B31A5 /* PJHomeViewController.swift in Sources */ = {isa = PBXBuildFile; fileRef = 0C4F5D12223CDD4D005B31A5 /* PJHomeViewController.swift */; };
		0C4F5D18223CDD4F005B31A5 /* Assets.xcassets in Resources */ = {isa = PBXBuildFile; fileRef = 0C4F5D17223CDD4F005B31A5 /* Assets.xcassets */; };
		0C4F5D1B223CDD4F005B31A5 /* LaunchScreen.storyboard in Resources */ = {isa = PBXBuildFile; fileRef = 0C4F5D19223CDD4F005B31A5 /* LaunchScreen.storyboard */; };
		0C4F5D23223CDD6A005B31A5 /* Define.swift in Sources */ = {isa = PBXBuildFile; fileRef = 0C4F5D22223CDD6A005B31A5 /* Define.swift */; };
		0C4F5D25223CE24C005B31A5 /* PJShowContentView.swift in Sources */ = {isa = PBXBuildFile; fileRef = 0C4F5D24223CE24C005B31A5 /* PJShowContentView.swift */; };
		0C4F5D27223CE3E1005B31A5 /* UIViewPosition.swift in Sources */ = {isa = PBXBuildFile; fileRef = 0C4F5D26223CE3E1005B31A5 /* UIViewPosition.swift */; };
		0C4F5D29223D0EDD005B31A5 /* PJShowItem.swift in Sources */ = {isa = PBXBuildFile; fileRef = 0C4F5D28223D0EDD005B31A5 /* PJShowItem.swift */; };
		0C4F5D2B223D20CF005B31A5 /* PJShowBottomView.swift in Sources */ = {isa = PBXBuildFile; fileRef = 0C4F5D2A223D20CF005B31A5 /* PJShowBottomView.swift */; };
		0C4F5D2D223D2559005B31A5 /* PJLineCollectionView.swift in Sources */ = {isa = PBXBuildFile; fileRef = 0C4F5D2C223D2559005B31A5 /* PJLineCollectionView.swift */; };
		0C4F5D2F223D26D8005B31A5 /* PJLineCollectionViewCell.swift in Sources */ = {isa = PBXBuildFile; fileRef = 0C4F5D2E223D26D8005B31A5 /* PJLineCollectionViewCell.swift */; };
		0C4F5D31223D28F8005B31A5 /* PJLineCollectionViewLayout.swift in Sources */ = {isa = PBXBuildFile; fileRef = 0C4F5D30223D28F8005B31A5 /* PJLineCollectionViewLayout.swift */; };
/* End PBXBuildFile section */

/* Begin PBXFileReference section */
		0C37C284223FCD9B00B66004 /* PJShowItemCreator.swift */ = {isa = PBXFileReference; lastKnownFileType = sourcecode.swift; path = PJShowItemCreator.swift; sourceTree = "<group>"; };
		0C4F5D0D223CDD4D005B31A5 /* WWDC19.app */ = {isa = PBXFileReference; explicitFileType = wrapper.application; includeInIndex = 0; path = WWDC19.app; sourceTree = BUILT_PRODUCTS_DIR; };
		0C4F5D10223CDD4D005B31A5 /* AppDelegate.swift */ = {isa = PBXFileReference; lastKnownFileType = sourcecode.swift; path = AppDelegate.swift; sourceTree = "<group>"; };
		0C4F5D12223CDD4D005B31A5 /* PJHomeViewController.swift */ = {isa = PBXFileReference; lastKnownFileType = sourcecode.swift; path = PJHomeViewController.swift; sourceTree = "<group>"; };
		0C4F5D17223CDD4F005B31A5 /* Assets.xcassets */ = {isa = PBXFileReference; lastKnownFileType = folder.assetcatalog; path = Assets.xcassets; sourceTree = "<group>"; };
		0C4F5D1A223CDD4F005B31A5 /* Base */ = {isa = PBXFileReference; lastKnownFileType = file.storyboard; name = Base; path = Base.lproj/LaunchScreen.storyboard; sourceTree = "<group>"; };
		0C4F5D1C223CDD4F005B31A5 /* Info.plist */ = {isa = PBXFileReference; lastKnownFileType = text.plist.xml; path = Info.plist; sourceTree = "<group>"; };
		0C4F5D22223CDD6A005B31A5 /* Define.swift */ = {isa = PBXFileReference; lastKnownFileType = sourcecode.swift; path = Define.swift; sourceTree = "<group>"; };
		0C4F5D24223CE24C005B31A5 /* PJShowContentView.swift */ = {isa = PBXFileReference; lastKnownFileType = sourcecode.swift; path = PJShowContentView.swift; sourceTree = "<group>"; };
		0C4F5D26223CE3E1005B31A5 /* UIViewPosition.swift */ = {isa = PBXFileReference; fileEncoding = 4; lastKnownFileType = sourcecode.swift; path = UIViewPosition.swift; sourceTree = "<group>"; };
		0C4F5D28223D0EDD005B31A5 /* PJShowItem.swift */ = {isa = PBXFileReference; lastKnownFileType = sourcecode.swift; path = PJShowItem.swift; sourceTree = "<group>"; };
		0C4F5D2A223D20CF005B31A5 /* PJShowBottomView.swift */ = {isa = PBXFileReference; lastKnownFileType = sourcecode.swift; path = PJShowBottomView.swift; sourceTree = "<group>"; };
		0C4F5D2C223D2559005B31A5 /* PJLineCollectionView.swift */ = {isa = PBXFileReference; lastKnownFileType = sourcecode.swift; path = PJLineCollectionView.swift; sourceTree = "<group>"; };
		0C4F5D2E223D26D8005B31A5 /* PJLineCollectionViewCell.swift */ = {isa = PBXFileReference; lastKnownFileType = sourcecode.swift; path = PJLineCollectionViewCell.swift; sourceTree = "<group>"; };
		0C4F5D30223D28F8005B31A5 /* PJLineCollectionViewLayout.swift */ = {isa = PBXFileReference; lastKnownFileType = sourcecode.swift; path = PJLineCollectionViewLayout.swift; sourceTree = "<group>"; };
/* End PBXFileReference section */

/* Begin PBXFrameworksBuildPhase section */
		0C4F5D0A223CDD4D005B31A5 /* Frameworks */ = {
			isa = PBXFrameworksBuildPhase;
			buildActionMask = 2147483647;
			files = (
			);
			runOnlyForDeploymentPostprocessing = 0;
		};
/* End PBXFrameworksBuildPhase section */

/* Begin PBXGroup section */
		0C4F5D04223CDD4D005B31A5 = {
			isa = PBXGroup;
			children = (
				0C4F5D0F223CDD4D005B31A5 /* WWDC19 */,
				0C4F5D0E223CDD4D005B31A5 /* Products */,
			);
			sourceTree = "<group>";
		};
		0C4F5D0E223CDD4D005B31A5 /* Products */ = {
			isa = PBXGroup;
			children = (
				0C4F5D0D223CDD4D005B31A5 /* WWDC19.app */,
			);
			name = Products;
			sourceTree = "<group>";
		};
		0C4F5D0F223CDD4D005B31A5 /* WWDC19 */ = {
			isa = PBXGroup;
			children = (
				0C4F5D26223CE3E1005B31A5 /* UIViewPosition.swift */,
				0C4F5D10223CDD4D005B31A5 /* AppDelegate.swift */,
				0C4F5D12223CDD4D005B31A5 /* PJHomeViewController.swift */,
				0C4F5D24223CE24C005B31A5 /* PJShowContentView.swift */,
				0C4F5D28223D0EDD005B31A5 /* PJShowItem.swift */,
				0C4F5D2A223D20CF005B31A5 /* PJShowBottomView.swift */,
				0C4F5D30223D28F8005B31A5 /* PJLineCollectionViewLayout.swift */,
				0C4F5D2C223D2559005B31A5 /* PJLineCollectionView.swift */,
				0C4F5D2E223D26D8005B31A5 /* PJLineCollectionViewCell.swift */,
				0C37C284223FCD9B00B66004 /* PJShowItemCreator.swift */,
				0C4F5D17223CDD4F005B31A5 /* Assets.xcassets */,
				0C4F5D19223CDD4F005B31A5 /* LaunchScreen.storyboard */,
				0C4F5D1C223CDD4F005B31A5 /* Info.plist */,
				0C4F5D22223CDD6A005B31A5 /* Define.swift */,
			);
			path = WWDC19;
			sourceTree = "<group>";
		};
/* End PBXGroup section */

/* Begin PBXNativeTarget section */
		0C4F5D0C223CDD4D005B31A5 /* WWDC19 */ = {
			isa = PBXNativeTarget;
			buildConfigurationList = 0C4F5D1F223CDD4F005B31A5 /* Build configuration list for PBXNativeTarget "WWDC19" */;
			buildPhases = (
				0C4F5D09223CDD4D005B31A5 /* Sources */,
				0C4F5D0A223CDD4D005B31A5 /* Frameworks */,
				0C4F5D0B223CDD4D005B31A5 /* Resources */,
			);
			buildRules = (
			);
			dependencies = (
			);
			name = WWDC19;
			productName = WWDC19;
			productReference = 0C4F5D0D223CDD4D005B31A5 /* WWDC19.app */;
			productType = "com.apple.product-type.application";
		};
/* End PBXNativeTarget section */

/* Begin PBXProject section */
		0C4F5D05223CDD4D005B31A5 /* Project object */ = {
			isa = PBXProject;
			attributes = {
				LastSwiftUpdateCheck = 1010;
				LastUpgradeCheck = 1010;
				ORGANIZATIONNAME = PJHubs;
				TargetAttributes = {
					0C4F5D0C223CDD4D005B31A5 = {
						CreatedOnToolsVersion = 10.1;
					};
				};
			};
			buildConfigurationList = 0C4F5D08223CDD4D005B31A5 /* Build configuration list for PBXProject "WWDC19" */;
			compatibilityVersion = "Xcode 9.3";
			developmentRegion = en;
			hasScannedForEncodings = 0;
			knownRegions = (
				en,
				Base,
			);
			mainGroup = 0C4F5D04223CDD4D005B31A5;
			productRefGroup = 0C4F5D0E223CDD4D005B31A5 /* Products */;
			projectDirPath = "";
			projectRoot = "";
			targets = (
				0C4F5D0C223CDD4D005B31A5 /* WWDC19 */,
			);
		};
/* End PBXProject section */

/* Begin PBXResourcesBuildPhase section */
		0C4F5D0B223CDD4D005B31A5 /* Resources */ = {
			isa = PBXResourcesBuildPhase;
			buildActionMask = 2147483647;
			files = (
				0C4F5D1B223CDD4F005B31A5 /* LaunchScreen.storyboard in Resources */,
				0C4F5D18223CDD4F005B31A5 /* Assets.xcassets in Resources */,
			);
			runOnlyForDeploymentPostprocessing = 0;
		};
/* End PBXResourcesBuildPhase section */

/* Begin PBXSourcesBuildPhase section */
		0C4F5D09223CDD4D005B31A5 /* Sources */ = {
			isa = PBXSourcesBuildPhase;
			buildActionMask = 2147483647;
			files = (
				0C4F5D13223CDD4D005B31A5 /* PJHomeViewController.swift in Sources */,
				0C37C285223FCD9B00B66004 /* PJShowItemCreator.swift in Sources */,
				0C4F5D23223CDD6A005B31A5 /* Define.swift in Sources */,
				0C4F5D2B223D20CF005B31A5 /* PJShowBottomView.swift in Sources */,
				0C4F5D2D223D2559005B31A5 /* PJLineCollectionView.swift in Sources */,
				0C4F5D31223D28F8005B31A5 /* PJLineCollectionViewLayout.swift in Sources */,
				0C4F5D27223CE3E1005B31A5 /* UIViewPosition.swift in Sources */,
				0C4F5D11223CDD4D005B31A5 /* AppDelegate.swift in Sources */,
				0C4F5D25223CE24C005B31A5 /* PJShowContentView.swift in Sources */,
				0C4F5D2F223D26D8005B31A5 /* PJLineCollectionViewCell.swift in Sources */,
				0C4F5D29223D0EDD005B31A5 /* PJShowItem.swift in Sources */,
			);
			runOnlyForDeploymentPostprocessing = 0;
		};
/* End PBXSourcesBuildPhase section */

/* Begin PBXVariantGroup section */
		0C4F5D19223CDD4F005B31A5 /* LaunchScreen.storyboard */ = {
			isa = PBXVariantGroup;
			children = (
				0C4F5D1A223CDD4F005B31A5 /* Base */,
			);
			name = LaunchScreen.storyboard;
			sourceTree = "<group>";
		};
/* End PBXVariantGroup section */

/* Begin XCBuildConfiguration section */
		0C4F5D1D223CDD4F005B31A5 /* Debug */ = {
			isa = XCBuildConfiguration;
			buildSettings = {
				ALWAYS_SEARCH_USER_PATHS = NO;
				CLANG_ANALYZER_NONNULL = YES;
				CLANG_ANALYZER_NUMBER_OBJECT_CONVERSION = YES_AGGRESSIVE;
				CLANG_CXX_LANGUAGE_STANDARD = "gnu++14";
				CLANG_CXX_LIBRARY = "libc++";
				CLANG_ENABLE_MODULES = YES;
				CLANG_ENABLE_OBJC_ARC = YES;
				CLANG_ENABLE_OBJC_WEAK = YES;
				CLANG_WARN_BLOCK_CAPTURE_AUTORELEASING = YES;
				CLANG_WARN_BOOL_CONVERSION = YES;
				CLANG_WARN_COMMA = YES;
				CLANG_WARN_CONSTANT_CONVERSION = YES;
				CLANG_WARN_DEPRECATED_OBJC_IMPLEMENTATIONS = YES;
				CLANG_WARN_DIRECT_OBJC_ISA_USAGE = YES_ERROR;
				CLANG_WARN_DOCUMENTATION_COMMENTS = YES;
				CLANG_WARN_EMPTY_BODY = YES;
				CLANG_WARN_ENUM_CONVERSION = YES;
				CLANG_WARN_INFINITE_RECURSION = YES;
				CLANG_WARN_INT_CONVERSION = YES;
				CLANG_WARN_NON_LITERAL_NULL_CONVERSION = YES;
				CLANG_WARN_OBJC_IMPLICIT_RETAIN_SELF = YES;
				CLANG_WARN_OBJC_LITERAL_CONVERSION = YES;
				CLANG_WARN_OBJC_ROOT_CLASS = YES_ERROR;
				CLANG_WARN_RANGE_LOOP_ANALYSIS = YES;
				CLANG_WARN_STRICT_PROTOTYPES = YES;
				CLANG_WARN_SUSPICIOUS_MOVE = YES;
				CLANG_WARN_UNGUARDED_AVAILABILITY = YES_AGGRESSIVE;
				CLANG_WARN_UNREACHABLE_CODE = YES;
				CLANG_WARN__DUPLICATE_METHOD_MATCH = YES;
				CODE_SIGN_IDENTITY = "iPhone Developer";
				COPY_PHASE_STRIP = NO;
				DEBUG_INFORMATION_FORMAT = dwarf;
				ENABLE_STRICT_OBJC_MSGSEND = YES;
				ENABLE_TESTABILITY = YES;
				GCC_C_LANGUAGE_STANDARD = gnu11;
				GCC_DYNAMIC_NO_PIC = NO;
				GCC_NO_COMMON_BLOCKS = YES;
				GCC_OPTIMIZATION_LEVEL = 0;
				GCC_PREPROCESSOR_DEFINITIONS = (
					"DEBUG=1",
					"$(inherited)",
				);
				GCC_WARN_64_TO_32_BIT_CONVERSION = YES;
				GCC_WARN_ABOUT_RETURN_TYPE = YES_ERROR;
				GCC_WARN_UNDECLARED_SELECTOR = YES;
				GCC_WARN_UNINITIALIZED_AUTOS = YES_AGGRESSIVE;
				GCC_WARN_UNUSED_FUNCTION = YES;
				GCC_WARN_UNUSED_VARIABLE = YES;
				IPHONEOS_DEPLOYMENT_TARGET = 12.1;
				MTL_ENABLE_DEBUG_INFO = INCLUDE_SOURCE;
				MTL_FAST_MATH = YES;
				ONLY_ACTIVE_ARCH = YES;
				SDKROOT = iphoneos;
				SWIFT_ACTIVE_COMPILATION_CONDITIONS = DEBUG;
				SWIFT_OPTIMIZATION_LEVEL = "-Onone";
			};
			name = Debug;
		};
		0C4F5D1E223CDD4F005B31A5 /* Release */ = {
			isa = XCBuildConfiguration;
			buildSettings = {
				ALWAYS_SEARCH_USER_PATHS = NO;
				CLANG_ANALYZER_NONNULL = YES;
				CLANG_ANALYZER_NUMBER_OBJECT_CONVERSION = YES_AGGRESSIVE;
				CLANG_CXX_LANGUAGE_STANDARD = "gnu++14";
				CLANG_CXX_LIBRARY = "libc++";
				CLANG_ENABLE_MODULES = YES;
				CLANG_ENABLE_OBJC_ARC = YES;
				CLANG_ENABLE_OBJC_WEAK = YES;
				CLANG_WARN_BLOCK_CAPTURE_AUTORELEASING = YES;
				CLANG_WARN_BOOL_CONVERSION = YES;
				CLANG_WARN_COMMA = YES;
				CLANG_WARN_CONSTANT_CONVERSION = YES;
				CLANG_WARN_DEPRECATED_OBJC_IMPLEMENTATIONS = YES;
				CLANG_WARN_DIRECT_OBJC_ISA_USAGE = YES_ERROR;
				CLANG_WARN_DOCUMENTATION_COMMENTS = YES;
				CLANG_WARN_EMPTY_BODY = YES;
				CLANG_WARN_ENUM_CONVERSION = YES;
				CLANG_WARN_INFINITE_RECURSION = YES;
				CLANG_WARN_INT_CONVERSION = YES;
				CLANG_WARN_NON_LITERAL_NULL_CONVERSION = YES;
				CLANG_WARN_OBJC_IMPLICIT_RETAIN_SELF = YES;
				CLANG_WARN_OBJC_LITERAL_CONVERSION = YES;
				CLANG_WARN_OBJC_ROOT_CLASS = YES_ERROR;
				CLANG_WARN_RANGE_LOOP_ANALYSIS = YES;
				CLANG_WARN_STRICT_PROTOTYPES = YES;
				CLANG_WARN_SUSPICIOUS_MOVE = YES;
				CLANG_WARN_UNGUARDED_AVAILABILITY = YES_AGGRESSIVE;
				CLANG_WARN_UNREACHABLE_CODE = YES;
				CLANG_WARN__DUPLICATE_METHOD_MATCH = YES;
				CODE_SIGN_IDENTITY = "iPhone Developer";
				COPY_PHASE_STRIP = NO;
				DEBUG_INFORMATION_FORMAT = "dwarf-with-dsym";
				ENABLE_NS_ASSERTIONS = NO;
				ENABLE_STRICT_OBJC_MSGSEND = YES;
				GCC_C_LANGUAGE_STANDARD = gnu11;
				GCC_NO_COMMON_BLOCKS = YES;
				GCC_WARN_64_TO_32_BIT_CONVERSION = YES;
				GCC_WARN_ABOUT_RETURN_TYPE = YES_ERROR;
				GCC_WARN_UNDECLARED_SELECTOR = YES;
				GCC_WARN_UNINITIALIZED_AUTOS = YES_AGGRESSIVE;
				GCC_WARN_UNUSED_FUNCTION = YES;
				GCC_WARN_UNUSED_VARIABLE = YES;
				IPHONEOS_DEPLOYMENT_TARGET = 12.1;
				MTL_ENABLE_DEBUG_INFO = NO;
				MTL_FAST_MATH = YES;
				SDKROOT = iphoneos;
				SWIFT_COMPILATION_MODE = wholemodule;
				SWIFT_OPTIMIZATION_LEVEL = "-O";
				VALIDATE_PRODUCT = YES;
			};
			name = Release;
		};
		0C4F5D20223CDD4F005B31A5 /* Debug */ = {
			isa = XCBuildConfiguration;
			buildSettings = {
				ASSETCATALOG_COMPILER_APPICON_NAME = AppIcon;
				CODE_SIGN_STYLE = Automatic;
				DEVELOPMENT_TEAM = U6J5965DZK;
				INFOPLIST_FILE = WWDC19/Info.plist;
				LD_RUNPATH_SEARCH_PATHS = (
					"$(inherited)",
					"@executable_path/Frameworks",
				);
				PRODUCT_BUNDLE_IDENTIFIER = com.pjhubs.WWDC19;
				PRODUCT_NAME = "$(TARGET_NAME)";
				SWIFT_VERSION = 4.2;
				TARGETED_DEVICE_FAMILY = 1;
			};
			name = Debug;
		};
		0C4F5D21223CDD4F005B31A5 /* Release */ = {
			isa = XCBuildConfiguration;
			buildSettings = {
				ASSETCATALOG_COMPILER_APPICON_NAME = AppIcon;
				CODE_SIGN_STYLE = Automatic;
				DEVELOPMENT_TEAM = U6J5965DZK;
				INFOPLIST_FILE = WWDC19/Info.plist;
				LD_RUNPATH_SEARCH_PATHS = (
					"$(inherited)",
					"@executable_path/Frameworks",
				);
				PRODUCT_BUNDLE_IDENTIFIER = com.pjhubs.WWDC19;
				PRODUCT_NAME = "$(TARGET_NAME)";
				SWIFT_VERSION = 4.2;
				TARGETED_DEVICE_FAMILY = 1;
			};
			name = Release;
		};
/* End XCBuildConfiguration section */

/* Begin XCConfigurationList section */
		0C4F5D08223CDD4D005B31A5 /* Build configuration list for PBXProject "WWDC19" */ = {
			isa = XCConfigurationList;
			buildConfigurations = (
				0C4F5D1D223CDD4F005B31A5 /* Debug */,
				0C4F5D1E223CDD4F005B31A5 /* Release */,
			);
			defaultConfigurationIsVisible = 0;
			defaultConfigurationName = Release;
		};
		0C4F5D1F223CDD4F005B31A5 /* Build configuration list for PBXNativeTarget "WWDC19" */ = {
			isa = XCConfigurationList;
			buildConfigurations = (
				0C4F5D20223CDD4F005B31A5 /* Debug */,
				0C4F5D21223CDD4F005B31A5 /* Release */,
			);
			defaultConfigurationIsVisible = 0;
			defaultConfigurationName = Release;
		};
/* End XCConfigurationList section */
	};
	rootObject = 0C4F5D05223CDD4D005B31A5 /* Project object */;
}
